// !$*UTF8*$!
{
	archiveVersion = 1;
	classes = {
	};
	objectVersion = 46;
	objects = {

/* Begin PBXBuildFile section */
		743A54BA1BCCC64400B98E73 /* AppDelegate.swift in Sources */ = {isa = PBXBuildFile; fileRef = 743A54B91BCCC64400B98E73 /* AppDelegate.swift */; };
		743A54BC1BCCC64400B98E73 /* ViewController.swift in Sources */ = {isa = PBXBuildFile; fileRef = 743A54BB1BCCC64400B98E73 /* ViewController.swift */; };
		743A54BF1BCCC64400B98E73 /* Main.storyboard in Resources */ = {isa = PBXBuildFile; fileRef = 743A54BD1BCCC64400B98E73 /* Main.storyboard */; };
		743A54C11BCCC64400B98E73 /* Images.xcassets in Resources */ = {isa = PBXBuildFile; fileRef = 743A54C01BCCC64400B98E73 /* Images.xcassets */; };
		743A54C41BCCC64400B98E73 /* LaunchScreen.xib in Resources */ = {isa = PBXBuildFile; fileRef = 743A54C21BCCC64400B98E73 /* LaunchScreen.xib */; };
		743A54D01BCCC64400B98E73 /* CommandMonkey_iOSTests.swift in Sources */ = {isa = PBXBuildFile; fileRef = 743A54CF1BCCC64400B98E73 /* CommandMonkey_iOSTests.swift */; };
/* End PBXBuildFile section */

/* Begin PBXContainerItemProxy section */
		743A54CA1BCCC64400B98E73 /* PBXContainerItemProxy */ = {
			isa = PBXContainerItemProxy;
			containerPortal = 743A54AC1BCCC64400B98E73 /* Project object */;
			proxyType = 1;
			remoteGlobalIDString = 743A54B31BCCC64400B98E73;
			remoteInfo = "CommandMonkey-iOS";
		};
/* End PBXContainerItemProxy section */

/* Begin PBXFileReference section */
		743A54B41BCCC64400B98E73 /* CommandMonkey-iOS.app */ = {isa = PBXFileReference; explicitFileType = wrapper.application; includeInIndex = 0; path = "CommandMonkey-iOS.app"; sourceTree = BUILT_PRODUCTS_DIR; };
		743A54B81BCCC64400B98E73 /* Info.plist */ = {isa = PBXFileReference; lastKnownFileType = text.plist.xml; path = Info.plist; sourceTree = "<group>"; };
		743A54B91BCCC64400B98E73 /* AppDelegate.swift */ = {isa = PBXFileReference; lastKnownFileType = sourcecode.swift; path = AppDelegate.swift; sourceTree = "<group>"; };
		743A54BB1BCCC64400B98E73 /* ViewController.swift */ = {isa = PBXFileReference; lastKnownFileType = sourcecode.swift; path = ViewController.swift; sourceTree = "<group>"; };
		743A54BE1BCCC64400B98E73 /* Base */ = {isa = PBXFileReference; lastKnownFileType = file.storyboard; name = Base; path = Base.lproj/Main.storyboard; sourceTree = "<group>"; };
		743A54C01BCCC64400B98E73 /* Images.xcassets */ = {isa = PBXFileReference; lastKnownFileType = folder.assetcatalog; path = Images.xcassets; sourceTree = "<group>"; };
		743A54C31BCCC64400B98E73 /* Base */ = {isa = PBXFileReference; lastKnownFileType = file.xib; name = Base; path = Base.lproj/LaunchScreen.xib; sourceTree = "<group>"; };
		743A54C91BCCC64400B98E73 /* CommandMonkey-iOSTests.xctest */ = {isa = PBXFileReference; explicitFileType = wrapper.cfbundle; includeInIndex = 0; path = "CommandMonkey-iOSTests.xctest"; sourceTree = BUILT_PRODUCTS_DIR; };
		743A54CE1BCCC64400B98E73 /* Info.plist */ = {isa = PBXFileReference; lastKnownFileType = text.plist.xml; path = Info.plist; sourceTree = "<group>"; };
		743A54CF1BCCC64400B98E73 /* CommandMonkey_iOSTests.swift */ = {isa = PBXFileReference; lastKnownFileType = sourcecode.swift; path = CommandMonkey_iOSTests.swift; sourceTree = "<group>"; };
/* End PBXFileReference section */

/* Begin PBXFrameworksBuildPhase section */
		743A54B11BCCC64400B98E73 /* Frameworks */ = {
			isa = PBXFrameworksBuildPhase;
			buildActionMask = 2147483647;
			files = (
			);
			runOnlyForDeploymentPostprocessing = 0;
		};
		743A54C61BCCC64400B98E73 /* Frameworks */ = {
			isa = PBXFrameworksBuildPhase;
			buildActionMask = 2147483647;
			files = (
			);
			runOnlyForDeploymentPostprocessing = 0;
		};
/* End PBXFrameworksBuildPhase section */

/* Begin PBXGroup section */
		743A54AB1BCCC64400B98E73 = {
			isa = PBXGroup;
			children = (
				743A54B61BCCC64400B98E73 /* CommandMonkey-iOS */,
				743A54CC1BCCC64400B98E73 /* CommandMonkey-iOSTests */,
				743A54B51BCCC64400B98E73 /* Products */,
			);
			sourceTree = "<group>";
		};
		743A54B51BCCC64400B98E73 /* Products */ = {
			isa = PBXGroup;
			children = (
				743A54B41BCCC64400B98E73 /* CommandMonkey-iOS.app */,
				743A54C91BCCC64400B98E73 /* CommandMonkey-iOSTests.xctest */,
			);
			name = Products;
			sourceTree = "<group>";
		};
		743A54B61BCCC64400B98E73 /* CommandMonkey-iOS */ = {
			isa = PBXGroup;
			children = (
				743A54B91BCCC64400B98E73 /* AppDelegate.swift */,
				743A54BB1BCCC64400B98E73 /* ViewController.swift */,
				743A54BD1BCCC64400B98E73 /* Main.storyboard */,
				743A54C01BCCC64400B98E73 /* Images.xcassets */,
				743A54C21BCCC64400B98E73 /* LaunchScreen.xib */,
				743A54B71BCCC64400B98E73 /* Supporting Files */,
			);
			path = "CommandMonkey-iOS";
			sourceTree = "<group>";
		};
		743A54B71BCCC64400B98E73 /* Supporting Files */ = {
			isa = PBXGroup;
			children = (
				743A54B81BCCC64400B98E73 /* Info.plist */,
			);
			name = "Supporting Files";
			sourceTree = "<group>";
		};
		743A54CC1BCCC64400B98E73 /* CommandMonkey-iOSTests */ = {
			isa = PBXGroup;
			children = (
				743A54CF1BCCC64400B98E73 /* CommandMonkey_iOSTests.swift */,
				743A54CD1BCCC64400B98E73 /* Supporting Files */,
			);
			path = "CommandMonkey-iOSTests";
			sourceTree = "<group>";
		};
		743A54CD1BCCC64400B98E73 /* Supporting Files */ = {
			isa = PBXGroup;
			children = (
				743A54CE1BCCC64400B98E73 /* Info.plist */,
			);
			name = "Supporting Files";
			sourceTree = "<group>";
		};
/* End PBXGroup section */

/* Begin PBXNativeTarget section */
		743A54B31BCCC64400B98E73 /* CommandMonkey-iOS */ = {
			isa = PBXNativeTarget;
			buildConfigurationList = 743A54D31BCCC64400B98E73 /* Build configuration list for PBXNativeTarget "CommandMonkey-iOS" */;
			buildPhases = (
				743A54B01BCCC64400B98E73 /* Sources */,
				743A54B11BCCC64400B98E73 /* Frameworks */,
				743A54B21BCCC64400B98E73 /* Resources */,
			);
			buildRules = (
			);
			dependencies = (
			);
			name = "CommandMonkey-iOS";
			productName = "CommandMonkey-iOS";
			productReference = 743A54B41BCCC64400B98E73 /* CommandMonkey-iOS.app */;
			productType = "com.apple.product-type.application";
		};
		743A54C81BCCC64400B98E73 /* CommandMonkey-iOSTests */ = {
			isa = PBXNativeTarget;
			buildConfigurationList = 743A54D61BCCC64400B98E73 /* Build configuration list for PBXNativeTarget "CommandMonkey-iOSTests" */;
			buildPhases = (
				743A54C51BCCC64400B98E73 /* Sources */,
				743A54C61BCCC64400B98E73 /* Frameworks */,
				743A54C71BCCC64400B98E73 /* Resources */,
			);
			buildRules = (
			);
			dependencies = (
				743A54CB1BCCC64400B98E73 /* PBXTargetDependency */,
			);
			name = "CommandMonkey-iOSTests";
			productName = "CommandMonkey-iOSTests";
			productReference = 743A54C91BCCC64400B98E73 /* CommandMonkey-iOSTests.xctest */;
			productType = "com.apple.product-type.bundle.unit-test";
		};
/* End PBXNativeTarget section */

/* Begin PBXProject section */
		743A54AC1BCCC64400B98E73 /* Project object */ = {
			isa = PBXProject;
			attributes = {
				LastUpgradeCheck = 0640;
				ORGANIZATIONNAME = Microsoft;
				TargetAttributes = {
					743A54B31BCCC64400B98E73 = {
						CreatedOnToolsVersion = 6.4;
					};
					743A54C81BCCC64400B98E73 = {
						CreatedOnToolsVersion = 6.4;
						TestTargetID = 743A54B31BCCC64400B98E73;
					};
				};
			};
			buildConfigurationList = 743A54AF1BCCC64400B98E73 /* Build configuration list for PBXProject "CommandMonkey-iOS" */;
			compatibilityVersion = "Xcode 3.2";
			developmentRegion = English;
			hasScannedForEncodings = 0;
			knownRegions = (
				en,
				Base,
			);
			mainGroup = 743A54AB1BCCC64400B98E73;
			productRefGroup = 743A54B51BCCC64400B98E73 /* Products */;
			projectDirPath = "";
			projectRoot = "";
			targets = (
				743A54B31BCCC64400B98E73 /* CommandMonkey-iOS */,
				743A54C81BCCC64400B98E73 /* CommandMonkey-iOSTests */,
			);
		};
/* End PBXProject section */

/* Begin PBXResourcesBuildPhase section */
		743A54B21BCCC64400B98E73 /* Resources */ = {
			isa = PBXResourcesBuildPhase;
			buildActionMask = 2147483647;
			files = (
				743A54BF1BCCC64400B98E73 /* Main.storyboard in Resources */,
				743A54C41BCCC64400B98E73 /* LaunchScreen.xib in Resources */,
				743A54C11BCCC64400B98E73 /* Images.xcassets in Resources */,
			);
			runOnlyForDeploymentPostprocessing = 0;
		};
		743A54C71BCCC64400B98E73 /* Resources */ = {
			isa = PBXResourcesBuildPhase;
			buildActionMask = 2147483647;
			files = (
			);
			runOnlyForDeploymentPostprocessing = 0;
		};
/* End PBXResourcesBuildPhase section */

/* Begin PBXSourcesBuildPhase section */
		743A54B01BCCC64400B98E73 /* Sources */ = {
			isa = PBXSourcesBuildPhase;
			buildActionMask = 2147483647;
			files = (
				743A54BC1BCCC64400B98E73 /* ViewController.swift in Sources */,
				743A54BA1BCCC64400B98E73 /* AppDelegate.swift in Sources */,
			);
			runOnlyForDeploymentPostprocessing = 0;
		};
		743A54C51BCCC64400B98E73 /* Sources */ = {
			isa = PBXSourcesBuildPhase;
			buildActionMask = 2147483647;
			files = (
				743A54D01BCCC64400B98E73 /* CommandMonkey_iOSTests.swift in Sources */,
			);
			runOnlyForDeploymentPostprocessing = 0;
		};
/* End PBXSourcesBuildPhase section */

/* Begin PBXTargetDependency section */
		743A54CB1BCCC64400B98E73 /* PBXTargetDependency */ = {
			isa = PBXTargetDependency;
			target = 743A54B31BCCC64400B98E73 /* CommandMonkey-iOS */;
			targetProxy = 743A54CA1BCCC64400B98E73 /* PBXContainerItemProxy */;
		};
/* End PBXTargetDependency section */

/* Begin PBXVariantGroup section */
		743A54BD1BCCC64400B98E73 /* Main.storyboard */ = {
			isa = PBXVariantGroup;
			children = (
				743A54BE1BCCC64400B98E73 /* Base */,
			);
			name = Main.storyboard;
			sourceTree = "<group>";
		};
		743A54C21BCCC64400B98E73 /* LaunchScreen.xib */ = {
			isa = PBXVariantGroup;
			children = (
				743A54C31BCCC64400B98E73 /* Base */,
			);
			name = LaunchScreen.xib;
			sourceTree = "<group>";
		};
/* End PBXVariantGroup section */

/* Begin XCBuildConfiguration section */
		743A54D11BCCC64400B98E73 /* Debug */ = {
			isa = XCBuildConfiguration;
			buildSettings = {
				ALWAYS_SEARCH_USER_PATHS = NO;
				CLANG_CXX_LANGUAGE_STANDARD = "gnu++0x";
				CLANG_CXX_LIBRARY = "libc++";
				CLANG_ENABLE_MODULES = YES;
				CLANG_ENABLE_OBJC_ARC = YES;
				CLANG_WARN_BOOL_CONVERSION = YES;
				CLANG_WARN_CONSTANT_CONVERSION = YES;
				CLANG_WARN_DIRECT_OBJC_ISA_USAGE = YES_ERROR;
				CLANG_WARN_EMPTY_BODY = YES;
				CLANG_WARN_ENUM_CONVERSION = YES;
				CLANG_WARN_INT_CONVERSION = YES;
				CLANG_WARN_OBJC_ROOT_CLASS = YES_ERROR;
				CLANG_WARN_UNREACHABLE_CODE = YES;
				CLANG_WARN__DUPLICATE_METHOD_MATCH = YES;
				"CODE_SIGN_IDENTITY[sdk=iphoneos*]" = "iPhone Developer";
				COPY_PHASE_STRIP = NO;
				DEBUG_INFORMATION_FORMAT = "dwarf-with-dsym";
				ENABLE_STRICT_OBJC_MSGSEND = YES;
				GCC_C_LANGUAGE_STANDARD = gnu99;
				GCC_DYNAMIC_NO_PIC = NO;
				GCC_NO_COMMON_BLOCKS = YES;
				GCC_OPTIMIZATION_LEVEL = 0;
				GCC_PREPROCESSOR_DEFINITIONS = (
					"DEBUG=1",
					"$(inherited)",
				);
				GCC_SYMBOLS_PRIVATE_EXTERN = NO;
				GCC_WARN_64_TO_32_BIT_CONVERSION = YES;
				GCC_WARN_ABOUT_RETURN_TYPE = YES_ERROR;
				GCC_WARN_UNDECLARED_SELECTOR = YES;
				GCC_WARN_UNINITIALIZED_AUTOS = YES_AGGRESSIVE;
				GCC_WARN_UNUSED_FUNCTION = YES;
				GCC_WARN_UNUSED_VARIABLE = YES;
				IPHONEOS_DEPLOYMENT_TARGET = 8.4;
				MTL_ENABLE_DEBUG_INFO = YES;
				ONLY_ACTIVE_ARCH = YES;
				SDKROOT = iphoneos;
				SWIFT_OPTIMIZATION_LEVEL = "-Onone";
			};
			name = Debug;
		};
		743A54D21BCCC64400B98E73 /* Release */ = {
			isa = XCBuildConfiguration;
			buildSettings = {
				ALWAYS_SEARCH_USER_PATHS = NO;
				CLANG_CXX_LANGUAGE_STANDARD = "gnu++0x";
				CLANG_CXX_LIBRARY = "libc++";
				CLANG_ENABLE_MODULES = YES;
				CLANG_ENABLE_OBJC_ARC = YES;
				CLANG_WARN_BOOL_CONVERSION = YES;
				CLANG_WARN_CONSTANT_CONVERSION = YES;
				CLANG_WARN_DIRECT_OBJC_ISA_USAGE = YES_ERROR;
				CLANG_WARN_EMPTY_BODY = YES;
				CLANG_WARN_ENUM_CONVERSION = YES;
				CLANG_WARN_INT_CONVERSION = YES;
				CLANG_WARN_OBJC_ROOT_CLASS = YES_ERROR;
				CLANG_WARN_UNREACHABLE_CODE = YES;
				CLANG_WARN__DUPLICATE_METHOD_MATCH = YES;
				"CODE_SIGN_IDENTITY[sdk=iphoneos*]" = "iPhone Developer";
				COPY_PHASE_STRIP = NO;
				DEBUG_INFORMATION_FORMAT = "dwarf-with-dsym";
				ENABLE_NS_ASSERTIONS = NO;
				ENABLE_STRICT_OBJC_MSGSEND = YES;
				GCC_C_LANGUAGE_STANDARD = gnu99;
				GCC_NO_COMMON_BLOCKS = YES;
				GCC_WARN_64_TO_32_BIT_CONVERSION = YES;
				GCC_WARN_ABOUT_RETURN_TYPE = YES_ERROR;
				GCC_WARN_UNDECLARED_SELECTOR = YES;
				GCC_WARN_UNINITIALIZED_AUTOS = YES_AGGRESSIVE;
				GCC_WARN_UNUSED_FUNCTION = YES;
				GCC_WARN_UNUSED_VARIABLE = YES;
				IPHONEOS_DEPLOYMENT_TARGET = 8.4;
				MTL_ENABLE_DEBUG_INFO = NO;
				SDKROOT = iphoneos;
				VALIDATE_PRODUCT = YES;
			};
			name = Release;
		};
		743A54D41BCCC64400B98E73 /* Debug */ = {
			isa = XCBuildConfiguration;
			buildSettings = {
				ASSETCATALOG_COMPILER_APPICON_NAME = AppIcon;
				INFOPLIST_FILE = "CommandMonkey-iOS/Info.plist";
				LD_RUNPATH_SEARCH_PATHS = "$(inherited) @executable_path/Frameworks";
				PRODUCT_NAME = "$(TARGET_NAME)";
			};
			name = Debug;
		};
		743A54D51BCCC64400B98E73 /* Release */ = {
			isa = XCBuildConfiguration;
			buildSettings = {
				ASSETCATALOG_COMPILER_APPICON_NAME = AppIcon;
				INFOPLIST_FILE = "CommandMonkey-iOS/Info.plist";
				LD_RUNPATH_SEARCH_PATHS = "$(inherited) @executable_path/Frameworks";
				PRODUCT_NAME = "$(TARGET_NAME)";
			};
			name = Release;
		};
		743A54D71BCCC64400B98E73 /* Debug */ = {
			isa = XCBuildConfiguration;
			buildSettings = {
				BUNDLE_LOADER = "$(TEST_HOST)";
				FRAMEWORK_SEARCH_PATHS = (
					"$(SDKROOT)/Developer/Library/Frameworks",
					"$(inherited)",
				);
				GCC_PREPROCESSOR_DEFINITIONS = (
					"DEBUG=1",
					"$(inherited)",
				);
				INFOPLIST_FILE = "CommandMonkey-iOSTests/Info.plist";
				LD_RUNPATH_SEARCH_PATHS = "$(inherited) @executable_path/Frameworks @loader_path/Frameworks";
				PRODUCT_NAME = "$(TARGET_NAME)";
				TEST_HOST = "$(BUILT_PRODUCTS_DIR)/CommandMonkey-iOS.app/CommandMonkey-iOS";
			};
			name = Debug;
		};
		743A54D81BCCC64400B98E73 /* Release */ = {
			isa = XCBuildConfiguration;
			buildSettings = {
				BUNDLE_LOADER = "$(TEST_HOST)";
				FRAMEWORK_SEARCH_PATHS = (
					"$(SDKROOT)/Developer/Library/Frameworks",
					"$(inherited)",
				);
				INFOPLIST_FILE = "CommandMonkey-iOSTests/Info.plist";
				LD_RUNPATH_SEARCH_PATHS = "$(inherited) @executable_path/Frameworks @loader_path/Frameworks";
				PRODUCT_NAME = "$(TARGET_NAME)";
				TEST_HOST = "$(BUILT_PRODUCTS_DIR)/CommandMonkey-iOS.app/CommandMonkey-iOS";
			};
			name = Release;
		};
/* End XCBuildConfiguration section */

/* Begin XCConfigurationList section */
		743A54AF1BCCC64400B98E73 /* Build configuration list for PBXProject "CommandMonkey-iOS" */ = {
			isa = XCConfigurationList;
			buildConfigurations = (
				743A54D11BCCC64400B98E73 /* Debug */,
				743A54D21BCCC64400B98E73 /* Release */,
			);
			defaultConfigurationIsVisible = 0;
			defaultConfigurationName = Release;
		};
		743A54D31BCCC64400B98E73 /* Build configuration list for PBXNativeTarget "CommandMonkey-iOS" */ = {
			isa = XCConfigurationList;
			buildConfigurations = (
				743A54D41BCCC64400B98E73 /* Debug */,
				743A54D51BCCC64400B98E73 /* Release */,
			);
			defaultConfigurationIsVisible = 0;
		};
		743A54D61BCCC64400B98E73 /* Build configuration list for PBXNativeTarget "CommandMonkey-iOSTests" */ = {
			isa = XCConfigurationList;
			buildConfigurations = (
				743A54D71BCCC64400B98E73 /* Debug */,
				743A54D81BCCC64400B98E73 /* Release */,
			);
			defaultConfigurationIsVisible = 0;
		};
/* End XCConfigurationList section */
	};
	rootObject = 743A54AC1BCCC64400B98E73 /* Project object */;
}
